// !$*UTF8*$!
{
	archiveVersion = 1;
	classes = {
	};
	objectVersion = 46;
	objects = {

/* Begin PBXBuildFile section */
		AE746AD517A00A3D00B015E3 /* RTGVTableViewController.m in Sources */ = {isa = PBXBuildFile; fileRef = AE746AD417A00A3D00B015E3 /* RTGVTableViewController.m */; };
		AE746AD717A0542E00B015E3 /* Parse.framework in Frameworks */ = {isa = PBXBuildFile; fileRef = AE746AD617A0542E00B015E3 /* Parse.framework */; };
		AE746AD917A054A200B015E3 /* AudioToolbox.framework in Frameworks */ = {isa = PBXBuildFile; fileRef = AE746AD817A054A200B015E3 /* AudioToolbox.framework */; };
		AE746ADB17A054AC00B015E3 /* CFNetwork.framework in Frameworks */ = {isa = PBXBuildFile; fileRef = AE746ADA17A054AC00B015E3 /* CFNetwork.framework */; };
		AE746ADD17A054C200B015E3 /* CoreLocation.framework in Frameworks */ = {isa = PBXBuildFile; fileRef = AE746ADC17A054C200B015E3 /* CoreLocation.framework */; };
		AE746ADF17A054CD00B015E3 /* libz.1.1.3.dylib in Frameworks */ = {isa = PBXBuildFile; fileRef = AE746ADE17A054CD00B015E3 /* libz.1.1.3.dylib */; };
		AE746AE117A054D600B015E3 /* MobileCoreServices.framework in Frameworks */ = {isa = PBXBuildFile; fileRef = AE746AE017A054D600B015E3 /* MobileCoreServices.framework */; };
		AE746AE317A054DF00B015E3 /* QuartzCore.framework in Frameworks */ = {isa = PBXBuildFile; fileRef = AE746AE217A054DF00B015E3 /* QuartzCore.framework */; };
		AE746AE517A054E800B015E3 /* Security.framework in Frameworks */ = {isa = PBXBuildFile; fileRef = AE746AE417A054E800B015E3 /* Security.framework */; };
		AE746AE717A054F300B015E3 /* StoreKit.framework in Frameworks */ = {isa = PBXBuildFile; fileRef = AE746AE617A054F300B015E3 /* StoreKit.framework */; };
		AE746AE917A054FC00B015E3 /* SystemConfiguration.framework in Frameworks */ = {isa = PBXBuildFile; fileRef = AE746AE817A054FC00B015E3 /* SystemConfiguration.framework */; };
		AE7AE82C179F06D200997811 /* RTGVEditViewController.m in Sources */ = {isa = PBXBuildFile; fileRef = AE7AE82B179F06D200997811 /* RTGVEditViewController.m */; };
		AE7AE82F179F0C6D00997811 /* RTGVEditOverviewViewController.m in Sources */ = {isa = PBXBuildFile; fileRef = AE7AE82E179F0C6D00997811 /* RTGVEditOverviewViewController.m */; };
		AEBBA9AB179DC28C009845C6 /* UIKit.framework in Frameworks */ = {isa = PBXBuildFile; fileRef = AEBBA9AA179DC28C009845C6 /* UIKit.framework */; };
		AEBBA9AD179DC28C009845C6 /* Foundation.framework in Frameworks */ = {isa = PBXBuildFile; fileRef = AEBBA9AC179DC28C009845C6 /* Foundation.framework */; };
		AEBBA9AF179DC28C009845C6 /* CoreGraphics.framework in Frameworks */ = {isa = PBXBuildFile; fileRef = AEBBA9AE179DC28C009845C6 /* CoreGraphics.framework */; };
		AEBBA9B5179DC28C009845C6 /* InfoPlist.strings in Resources */ = {isa = PBXBuildFile; fileRef = AEBBA9B3179DC28C009845C6 /* InfoPlist.strings */; };
		AEBBA9B7179DC28C009845C6 /* main.m in Sources */ = {isa = PBXBuildFile; fileRef = AEBBA9B6179DC28C009845C6 /* main.m */; };
		AEBBA9BB179DC28C009845C6 /* RTGVAppDelegate.m in Sources */ = {isa = PBXBuildFile; fileRef = AEBBA9BA179DC28C009845C6 /* RTGVAppDelegate.m */; };
		AEBBA9BD179DC28C009845C6 /* Default.png in Resources */ = {isa = PBXBuildFile; fileRef = AEBBA9BC179DC28C009845C6 /* Default.png */; };
		AEBBA9BF179DC28C009845C6 /* Default@2x.png in Resources */ = {isa = PBXBuildFile; fileRef = AEBBA9BE179DC28C009845C6 /* Default@2x.png */; };
		AEBBA9C1179DC28C009845C6 /* Default-568h@2x.png in Resources */ = {isa = PBXBuildFile; fileRef = AEBBA9C0179DC28C009845C6 /* Default-568h@2x.png */; };
		AEBBA9C4179DC28C009845C6 /* MainStoryboard.storyboard in Resources */ = {isa = PBXBuildFile; fileRef = AEBBA9C2179DC28C009845C6 /* MainStoryboard.storyboard */; };
		AEBBA9C7179DC28C009845C6 /* RTGVViewController.m in Sources */ = {isa = PBXBuildFile; fileRef = AEBBA9C6179DC28C009845C6 /* RTGVViewController.m */; };
		AEBBA9CF179DC2F6009845C6 /* RTGVMyData.m in Sources */ = {isa = PBXBuildFile; fileRef = AEBBA9CE179DC2F6009845C6 /* RTGVMyData.m */; };
		AEBBA9D2179DC843009845C6 /* raffton.png in Resources */ = {isa = PBXBuildFile; fileRef = AEBBA9D1179DC843009845C6 /* raffton.png */; };
		AEC6B64817A1723500A8D82E /* RTGVTableViewCell.m in Sources */ = {isa = PBXBuildFile; fileRef = AEC6B64717A1723500A8D82E /* RTGVTableViewCell.m */; };
		AEC6B64E17A18DDA00A8D82E /* RTGVVenue.m in Sources */ = {isa = PBXBuildFile; fileRef = AEC6B64D17A18DDA00A8D82E /* RTGVVenue.m */; };
		AEC6B65117A1904000A8D82E /* GVMyDownloader.m in Sources */ = {isa = PBXBuildFile; fileRef = AEC6B65017A1903400A8D82E /* GVMyDownloader.m */; };
		AEC6B65417A194CF00A8D82E /* RTGVFoursquareTableViewController.m in Sources */ = {isa = PBXBuildFile; fileRef = AEC6B65317A194CF00A8D82E /* RTGVFoursquareTableViewController.m */; };
		AEC6B65617A196C300A8D82E /* nopicture.jpg in Resources */ = {isa = PBXBuildFile; fileRef = AEC6B65517A196C300A8D82E /* nopicture.jpg */; };
		AEC6B65817A1A00900A8D82E /* MapKit.framework in Frameworks */ = {isa = PBXBuildFile; fileRef = AEC6B65717A1A00900A8D82E /* MapKit.framework */; };
		AEC6B65B17A1B45300A8D82E /* AddressAnnotation.m in Sources */ = {isa = PBXBuildFile; fileRef = AEC6B65A17A1B45300A8D82E /* AddressAnnotation.m */; };
		AEDE89E917A14DFC0036C196 /* RTGVMapViewController.m in Sources */ = {isa = PBXBuildFile; fileRef = AEDE89E817A14DFC0036C196 /* RTGVMapViewController.m */; };
/* End PBXBuildFile section */

/* Begin PBXFileReference section */
		AE746AD317A00A3D00B015E3 /* RTGVTableViewController.h */ = {isa = PBXFileReference; fileEncoding = 4; lastKnownFileType = sourcecode.c.h; path = RTGVTableViewController.h; sourceTree = "<group>"; };
		AE746AD417A00A3D00B015E3 /* RTGVTableViewController.m */ = {isa = PBXFileReference; fileEncoding = 4; lastKnownFileType = sourcecode.c.objc; path = RTGVTableViewController.m; sourceTree = "<group>"; };
		AE746AD617A0542E00B015E3 /* Parse.framework */ = {isa = PBXFileReference; lastKnownFileType = wrapper.framework; path = Parse.framework; sourceTree = "<group>"; };
		AE746AD817A054A200B015E3 /* AudioToolbox.framework */ = {isa = PBXFileReference; lastKnownFileType = wrapper.framework; name = AudioToolbox.framework; path = System/Library/Frameworks/AudioToolbox.framework; sourceTree = SDKROOT; };
		AE746ADA17A054AC00B015E3 /* CFNetwork.framework */ = {isa = PBXFileReference; lastKnownFileType = wrapper.framework; name = CFNetwork.framework; path = System/Library/Frameworks/CFNetwork.framework; sourceTree = SDKROOT; };
		AE746ADC17A054C200B015E3 /* CoreLocation.framework */ = {isa = PBXFileReference; lastKnownFileType = wrapper.framework; name = CoreLocation.framework; path = System/Library/Frameworks/CoreLocation.framework; sourceTree = SDKROOT; };
		AE746ADE17A054CD00B015E3 /* libz.1.1.3.dylib */ = {isa = PBXFileReference; lastKnownFileType = "compiled.mach-o.dylib"; name = libz.1.1.3.dylib; path = usr/lib/libz.1.1.3.dylib; sourceTree = SDKROOT; };
		AE746AE017A054D600B015E3 /* MobileCoreServices.framework */ = {isa = PBXFileReference; lastKnownFileType = wrapper.framework; name = MobileCoreServices.framework; path = System/Library/Frameworks/MobileCoreServices.framework; sourceTree = SDKROOT; };
		AE746AE217A054DF00B015E3 /* QuartzCore.framework */ = {isa = PBXFileReference; lastKnownFileType = wrapper.framework; name = QuartzCore.framework; path = System/Library/Frameworks/QuartzCore.framework; sourceTree = SDKROOT; };
		AE746AE417A054E800B015E3 /* Security.framework */ = {isa = PBXFileReference; lastKnownFileType = wrapper.framework; name = Security.framework; path = System/Library/Frameworks/Security.framework; sourceTree = SDKROOT; };
		AE746AE617A054F300B015E3 /* StoreKit.framework */ = {isa = PBXFileReference; lastKnownFileType = wrapper.framework; name = StoreKit.framework; path = System/Library/Frameworks/StoreKit.framework; sourceTree = SDKROOT; };
		AE746AE817A054FC00B015E3 /* SystemConfiguration.framework */ = {isa = PBXFileReference; lastKnownFileType = wrapper.framework; name = SystemConfiguration.framework; path = System/Library/Frameworks/SystemConfiguration.framework; sourceTree = SDKROOT; };
		AE7AE82A179F06D200997811 /* RTGVEditViewController.h */ = {isa = PBXFileReference; fileEncoding = 4; lastKnownFileType = sourcecode.c.h; path = RTGVEditViewController.h; sourceTree = "<group>"; };
		AE7AE82B179F06D200997811 /* RTGVEditViewController.m */ = {isa = PBXFileReference; fileEncoding = 4; lastKnownFileType = sourcecode.c.objc; path = RTGVEditViewController.m; sourceTree = "<group>"; };
		AE7AE82D179F0C6D00997811 /* RTGVEditOverviewViewController.h */ = {isa = PBXFileReference; fileEncoding = 4; lastKnownFileType = sourcecode.c.h; path = RTGVEditOverviewViewController.h; sourceTree = "<group>"; };
		AE7AE82E179F0C6D00997811 /* RTGVEditOverviewViewController.m */ = {isa = PBXFileReference; fileEncoding = 4; lastKnownFileType = sourcecode.c.objc; path = RTGVEditOverviewViewController.m; sourceTree = "<group>"; };
		AEBBA9A7179DC28C009845C6 /* Me App.app */ = {isa = PBXFileReference; explicitFileType = wrapper.application; includeInIndex = 0; path = "Me App.app"; sourceTree = BUILT_PRODUCTS_DIR; };
		AEBBA9AA179DC28C009845C6 /* UIKit.framework */ = {isa = PBXFileReference; lastKnownFileType = wrapper.framework; name = UIKit.framework; path = System/Library/Frameworks/UIKit.framework; sourceTree = SDKROOT; };
		AEBBA9AC179DC28C009845C6 /* Foundation.framework */ = {isa = PBXFileReference; lastKnownFileType = wrapper.framework; name = Foundation.framework; path = System/Library/Frameworks/Foundation.framework; sourceTree = SDKROOT; };
		AEBBA9AE179DC28C009845C6 /* CoreGraphics.framework */ = {isa = PBXFileReference; lastKnownFileType = wrapper.framework; name = CoreGraphics.framework; path = System/Library/Frameworks/CoreGraphics.framework; sourceTree = SDKROOT; };
		AEBBA9B2179DC28C009845C6 /* Me App-Info.plist */ = {isa = PBXFileReference; lastKnownFileType = text.plist.xml; path = "Me App-Info.plist"; sourceTree = "<group>"; };
		AEBBA9B4179DC28C009845C6 /* en */ = {isa = PBXFileReference; lastKnownFileType = text.plist.strings; name = en; path = en.lproj/InfoPlist.strings; sourceTree = "<group>"; };
		AEBBA9B6179DC28C009845C6 /* main.m */ = {isa = PBXFileReference; lastKnownFileType = sourcecode.c.objc; path = main.m; sourceTree = "<group>"; };
		AEBBA9B8179DC28C009845C6 /* Me App-Prefix.pch */ = {isa = PBXFileReference; lastKnownFileType = sourcecode.c.h; path = "Me App-Prefix.pch"; sourceTree = "<group>"; };
		AEBBA9B9179DC28C009845C6 /* RTGVAppDelegate.h */ = {isa = PBXFileReference; lastKnownFileType = sourcecode.c.h; path = RTGVAppDelegate.h; sourceTree = "<group>"; };
		AEBBA9BA179DC28C009845C6 /* RTGVAppDelegate.m */ = {isa = PBXFileReference; lastKnownFileType = sourcecode.c.objc; path = RTGVAppDelegate.m; sourceTree = "<group>"; };
		AEBBA9BC179DC28C009845C6 /* Default.png */ = {isa = PBXFileReference; lastKnownFileType = image.png; path = Default.png; sourceTree = "<group>"; };
		AEBBA9BE179DC28C009845C6 /* Default@2x.png */ = {isa = PBXFileReference; lastKnownFileType = image.png; path = "Default@2x.png"; sourceTree = "<group>"; };
		AEBBA9C0179DC28C009845C6 /* Default-568h@2x.png */ = {isa = PBXFileReference; lastKnownFileType = image.png; path = "Default-568h@2x.png"; sourceTree = "<group>"; };
		AEBBA9C3179DC28C009845C6 /* en */ = {isa = PBXFileReference; lastKnownFileType = file.storyboard; name = en; path = en.lproj/MainStoryboard.storyboard; sourceTree = "<group>"; };
		AEBBA9C5179DC28C009845C6 /* RTGVViewController.h */ = {isa = PBXFileReference; lastKnownFileType = sourcecode.c.h; path = RTGVViewController.h; sourceTree = "<group>"; };
		AEBBA9C6179DC28C009845C6 /* RTGVViewController.m */ = {isa = PBXFileReference; lastKnownFileType = sourcecode.c.objc; path = RTGVViewController.m; sourceTree = "<group>"; };
		AEBBA9CD179DC2F6009845C6 /* RTGVMyData.h */ = {isa = PBXFileReference; fileEncoding = 4; lastKnownFileType = sourcecode.c.h; name = RTGVMyData.h; path = ../RTGVMyData.h; sourceTree = "<group>"; };
		AEBBA9CE179DC2F6009845C6 /* RTGVMyData.m */ = {isa = PBXFileReference; fileEncoding = 4; lastKnownFileType = sourcecode.c.objc; name = RTGVMyData.m; path = ../RTGVMyData.m; sourceTree = "<group>"; };
		AEBBA9D1179DC843009845C6 /* raffton.png */ = {isa = PBXFileReference; lastKnownFileType = image.png; path = raffton.png; sourceTree = "<group>"; };
		AEC6B64617A1723500A8D82E /* RTGVTableViewCell.h */ = {isa = PBXFileReference; fileEncoding = 4; lastKnownFileType = sourcecode.c.h; path = RTGVTableViewCell.h; sourceTree = "<group>"; };
		AEC6B64717A1723500A8D82E /* RTGVTableViewCell.m */ = {isa = PBXFileReference; fileEncoding = 4; lastKnownFileType = sourcecode.c.objc; path = RTGVTableViewCell.m; sourceTree = "<group>"; };
		AEC6B64C17A18DDA00A8D82E /* RTGVVenue.h */ = {isa = PBXFileReference; fileEncoding = 4; lastKnownFileType = sourcecode.c.h; path = RTGVVenue.h; sourceTree = "<group>"; };
		AEC6B64D17A18DDA00A8D82E /* RTGVVenue.m */ = {isa = PBXFileReference; fileEncoding = 4; lastKnownFileType = sourcecode.c.objc; path = RTGVVenue.m; sourceTree = "<group>"; };
		AEC6B64F17A1903400A8D82E /* GVMyDownloader.h */ = {isa = PBXFileReference; lastKnownFileType = sourcecode.c.h; path = GVMyDownloader.h; sourceTree = "<group>"; };
		AEC6B65017A1903400A8D82E /* GVMyDownloader.m */ = {isa = PBXFileReference; lastKnownFileType = sourcecode.c.objc; path = GVMyDownloader.m; sourceTree = "<group>"; };
		AEC6B65217A194CF00A8D82E /* RTGVFoursquareTableViewController.h */ = {isa = PBXFileReference; fileEncoding = 4; lastKnownFileType = sourcecode.c.h; name = RTGVFoursquareTableViewController.h; path = ../RTGVFoursquareTableViewController.h; sourceTree = "<group>"; };
		AEC6B65317A194CF00A8D82E /* RTGVFoursquareTableViewController.m */ = {isa = PBXFileReference; fileEncoding = 4; lastKnownFileType = sourcecode.c.objc; name = RTGVFoursquareTableViewController.m; path = ../RTGVFoursquareTableViewController.m; sourceTree = "<group>"; };
		AEC6B65517A196C300A8D82E /* nopicture.jpg */ = {isa = PBXFileReference; lastKnownFileType = image.jpeg; path = nopicture.jpg; sourceTree = "<group>"; };
		AEC6B65717A1A00900A8D82E /* MapKit.framework */ = {isa = PBXFileReference; lastKnownFileType = wrapper.framework; name = MapKit.framework; path = System/Library/Frameworks/MapKit.framework; sourceTree = SDKROOT; };
		AEC6B65917A1B45300A8D82E /* AddressAnnotation.h */ = {isa = PBXFileReference; fileEncoding = 4; lastKnownFileType = sourcecode.c.h; path = AddressAnnotation.h; sourceTree = "<group>"; };
		AEC6B65A17A1B45300A8D82E /* AddressAnnotation.m */ = {isa = PBXFileReference; fileEncoding = 4; lastKnownFileType = sourcecode.c.objc; path = AddressAnnotation.m; sourceTree = "<group>"; };
		AEDE89E717A14DFC0036C196 /* RTGVMapViewController.h */ = {isa = PBXFileReference; fileEncoding = 4; lastKnownFileType = sourcecode.c.h; path = RTGVMapViewController.h; sourceTree = "<group>"; };
		AEDE89E817A14DFC0036C196 /* RTGVMapViewController.m */ = {isa = PBXFileReference; fileEncoding = 4; lastKnownFileType = sourcecode.c.objc; path = RTGVMapViewController.m; sourceTree = "<group>"; };
/* End PBXFileReference section */

/* Begin PBXFrameworksBuildPhase section */
		AEBBA9A4179DC28C009845C6 /* Frameworks */ = {
			isa = PBXFrameworksBuildPhase;
			buildActionMask = 2147483647;
			files = (
				AE746ADD17A054C200B015E3 /* CoreLocation.framework in Frameworks */,
				AEC6B65817A1A00900A8D82E /* MapKit.framework in Frameworks */,
				AE746AE917A054FC00B015E3 /* SystemConfiguration.framework in Frameworks */,
				AE746AE717A054F300B015E3 /* StoreKit.framework in Frameworks */,
				AE746AE517A054E800B015E3 /* Security.framework in Frameworks */,
				AE746AE317A054DF00B015E3 /* QuartzCore.framework in Frameworks */,
				AE746AE117A054D600B015E3 /* MobileCoreServices.framework in Frameworks */,
				AE746ADF17A054CD00B015E3 /* libz.1.1.3.dylib in Frameworks */,
				AEBBA9AF179DC28C009845C6 /* CoreGraphics.framework in Frameworks */,
				AE746ADB17A054AC00B015E3 /* CFNetwork.framework in Frameworks */,
				AE746AD917A054A200B015E3 /* AudioToolbox.framework in Frameworks */,
				AEBBA9AB179DC28C009845C6 /* UIKit.framework in Frameworks */,
				AEBBA9AD179DC28C009845C6 /* Foundation.framework in Frameworks */,
				AE746AD717A0542E00B015E3 /* Parse.framework in Frameworks */,
			);
			runOnlyForDeploymentPostprocessing = 0;
		};
/* End PBXFrameworksBuildPhase section */

/* Begin PBXGroup section */
		AEBBA99E179DC28C009845C6 = {
			isa = PBXGroup;
			children = (
				AEC6B65717A1A00900A8D82E /* MapKit.framework */,
				AEBBA9B0179DC28C009845C6 /* Me App */,
				AEBBA9A9179DC28C009845C6 /* Frameworks */,
				AEBBA9A8179DC28C009845C6 /* Products */,
			);
			sourceTree = "<group>";
		};
		AEBBA9A8179DC28C009845C6 /* Products */ = {
			isa = PBXGroup;
			children = (
				AEBBA9A7179DC28C009845C6 /* Me App.app */,
			);
			name = Products;
			sourceTree = "<group>";
		};
		AEBBA9A9179DC28C009845C6 /* Frameworks */ = {
			isa = PBXGroup;
			children = (
				AE746AE817A054FC00B015E3 /* SystemConfiguration.framework */,
				AE746AE617A054F300B015E3 /* StoreKit.framework */,
				AE746AE417A054E800B015E3 /* Security.framework */,
				AE746AE217A054DF00B015E3 /* QuartzCore.framework */,
				AE746AE017A054D600B015E3 /* MobileCoreServices.framework */,
				AE746ADE17A054CD00B015E3 /* libz.1.1.3.dylib */,
				AE746ADC17A054C200B015E3 /* CoreLocation.framework */,
				AE746ADA17A054AC00B015E3 /* CFNetwork.framework */,
				AE746AD817A054A200B015E3 /* AudioToolbox.framework */,
				AE746AD617A0542E00B015E3 /* Parse.framework */,
				AEBBA9AA179DC28C009845C6 /* UIKit.framework */,
				AEBBA9AC179DC28C009845C6 /* Foundation.framework */,
				AEBBA9AE179DC28C009845C6 /* CoreGraphics.framework */,
			);
			name = Frameworks;
			sourceTree = "<group>";
		};
		AEBBA9B0179DC28C009845C6 /* Me App */ = {
			isa = PBXGroup;
			children = (
				AEC6B65917A1B45300A8D82E /* AddressAnnotation.h */,
				AEC6B65A17A1B45300A8D82E /* AddressAnnotation.m */,
				AEC6B64617A1723500A8D82E /* RTGVTableViewCell.h */,
				AEC6B64717A1723500A8D82E /* RTGVTableViewCell.m */,
				AEC6B65217A194CF00A8D82E /* RTGVFoursquareTableViewController.h */,
				AEC6B65317A194CF00A8D82E /* RTGVFoursquareTableViewController.m */,
				AEDE89E717A14DFC0036C196 /* RTGVMapViewController.h */,
				AEDE89E817A14DFC0036C196 /* RTGVMapViewController.m */,
				AEBBA9D0179DC30A009845C6 /* Models */,
				AEBBA9C2179DC28C009845C6 /* MainStoryboard.storyboard */,
				AE746AD317A00A3D00B015E3 /* RTGVTableViewController.h */,
				AE746AD417A00A3D00B015E3 /* RTGVTableViewController.m */,
				AEBBA9C5179DC28C009845C6 /* RTGVViewController.h */,
				AEBBA9C6179DC28C009845C6 /* RTGVViewController.m */,
				AEBBA9B1179DC28C009845C6 /* Supporting Files */,
			);
			path = "Me App";
			sourceTree = "<group>";
		};
		AEBBA9B1179DC28C009845C6 /* Supporting Files */ = {
			isa = PBXGroup;
			children = (
				AEC6B64F17A1903400A8D82E /* GVMyDownloader.h */,
				AEC6B65017A1903400A8D82E /* GVMyDownloader.m */,
				AEC6B65517A196C300A8D82E /* nopicture.jpg */,
				AE7AE82A179F06D200997811 /* RTGVEditViewController.h */,
				AE7AE82B179F06D200997811 /* RTGVEditViewController.m */,
				AE7AE82D179F0C6D00997811 /* RTGVEditOverviewViewController.h */,
				AE7AE82E179F0C6D00997811 /* RTGVEditOverviewViewController.m */,
				AEBBA9D1179DC843009845C6 /* raffton.png */,
				AEBBA9B9179DC28C009845C6 /* RTGVAppDelegate.h */,
				AEBBA9BA179DC28C009845C6 /* RTGVAppDelegate.m */,
				AEBBA9B2179DC28C009845C6 /* Me App-Info.plist */,
				AEBBA9B3179DC28C009845C6 /* InfoPlist.strings */,
				AEBBA9B6179DC28C009845C6 /* main.m */,
				AEBBA9B8179DC28C009845C6 /* Me App-Prefix.pch */,
				AEBBA9BC179DC28C009845C6 /* Default.png */,
				AEBBA9BE179DC28C009845C6 /* Default@2x.png */,
				AEBBA9C0179DC28C009845C6 /* Default-568h@2x.png */,
			);
			name = "Supporting Files";
			sourceTree = "<group>";
		};
		AEBBA9D0179DC30A009845C6 /* Models */ = {
			isa = PBXGroup;
			children = (
				AEBBA9CD179DC2F6009845C6 /* RTGVMyData.h */,
				AEBBA9CE179DC2F6009845C6 /* RTGVMyData.m */,
				AEC6B64C17A18DDA00A8D82E /* RTGVVenue.h */,
				AEC6B64D17A18DDA00A8D82E /* RTGVVenue.m */,
			);
			name = Models;
			sourceTree = "<group>";
		};
/* End PBXGroup section */

/* Begin PBXNativeTarget section */
		AEBBA9A6179DC28C009845C6 /* Me App */ = {
			isa = PBXNativeTarget;
			buildConfigurationList = AEBBA9CA179DC28C009845C6 /* Build configuration list for PBXNativeTarget "Me App" */;
			buildPhases = (
				AEBBA9A3179DC28C009845C6 /* Sources */,
				AEBBA9A4179DC28C009845C6 /* Frameworks */,
				AEBBA9A5179DC28C009845C6 /* Resources */,
			);
			buildRules = (
			);
			dependencies = (
			);
			name = "Me App";
			productName = "Me App";
			productReference = AEBBA9A7179DC28C009845C6 /* Me App.app */;
			productType = "com.apple.product-type.application";
		};
/* End PBXNativeTarget section */

/* Begin PBXProject section */
		AEBBA99F179DC28C009845C6 /* Project object */ = {
			isa = PBXProject;
			attributes = {
				CLASSPREFIX = RTGV;
				LastUpgradeCheck = 0460;
				ORGANIZATIONNAME = "Toni Raffael";
			};
			buildConfigurationList = AEBBA9A2179DC28C009845C6 /* Build configuration list for PBXProject "Me App" */;
			compatibilityVersion = "Xcode 3.2";
			developmentRegion = English;
			hasScannedForEncodings = 0;
			knownRegions = (
				en,
			);
			mainGroup = AEBBA99E179DC28C009845C6;
			productRefGroup = AEBBA9A8179DC28C009845C6 /* Products */;
			projectDirPath = "";
			projectRoot = "";
			targets = (
				AEBBA9A6179DC28C009845C6 /* Me App */,
			);
		};
/* End PBXProject section */

/* Begin PBXResourcesBuildPhase section */
		AEBBA9A5179DC28C009845C6 /* Resources */ = {
			isa = PBXResourcesBuildPhase;
			buildActionMask = 2147483647;
			files = (
				AEBBA9B5179DC28C009845C6 /* InfoPlist.strings in Resources */,
				AEBBA9BD179DC28C009845C6 /* Default.png in Resources */,
				AEBBA9BF179DC28C009845C6 /* Default@2x.png in Resources */,
				AEBBA9C1179DC28C009845C6 /* Default-568h@2x.png in Resources */,
				AEBBA9C4179DC28C009845C6 /* MainStoryboard.storyboard in Resources */,
				AEBBA9D2179DC843009845C6 /* raffton.png in Resources */,
				AEC6B65617A196C300A8D82E /* nopicture.jpg in Resources */,
			);
			runOnlyForDeploymentPostprocessing = 0;
		};
/* End PBXResourcesBuildPhase section */

/* Begin PBXSourcesBuildPhase section */
		AEBBA9A3179DC28C009845C6 /* Sources */ = {
			isa = PBXSourcesBuildPhase;
			buildActionMask = 2147483647;
			files = (
				AEC6B65117A1904000A8D82E /* GVMyDownloader.m in Sources */,
				AEBBA9B7179DC28C009845C6 /* main.m in Sources */,
				AEBBA9BB179DC28C009845C6 /* RTGVAppDelegate.m in Sources */,
				AEBBA9C7179DC28C009845C6 /* RTGVViewController.m in Sources */,
				AEBBA9CF179DC2F6009845C6 /* RTGVMyData.m in Sources */,
				AE7AE82C179F06D200997811 /* RTGVEditViewController.m in Sources */,
				AE7AE82F179F0C6D00997811 /* RTGVEditOverviewViewController.m in Sources */,
				AE746AD517A00A3D00B015E3 /* RTGVTableViewController.m in Sources */,
				AEDE89E917A14DFC0036C196 /* RTGVMapViewController.m in Sources */,
				AEC6B64817A1723500A8D82E /* RTGVTableViewCell.m in Sources */,
				AEC6B64E17A18DDA00A8D82E /* RTGVVenue.m in Sources */,
				AEC6B65417A194CF00A8D82E /* RTGVFoursquareTableViewController.m in Sources */,
				AEC6B65B17A1B45300A8D82E /* AddressAnnotation.m in Sources */,
			);
			runOnlyForDeploymentPostprocessing = 0;
		};
/* End PBXSourcesBuildPhase section */

/* Begin PBXVariantGroup section */
		AEBBA9B3179DC28C009845C6 /* InfoPlist.strings */ = {
			isa = PBXVariantGroup;
			children = (
				AEBBA9B4179DC28C009845C6 /* en */,
			);
			name = InfoPlist.strings;
			sourceTree = "<group>";
		};
		AEBBA9C2179DC28C009845C6 /* MainStoryboard.storyboard */ = {
			isa = PBXVariantGroup;
			children = (
				AEBBA9C3179DC28C009845C6 /* en */,
			);
			name = MainStoryboard.storyboard;
			sourceTree = "<group>";
		};
/* End PBXVariantGroup section */

/* Begin XCBuildConfiguration section */
		AEBBA9C8179DC28C009845C6 /* Debug */ = {
			isa = XCBuildConfiguration;
			buildSettings = {
				ALWAYS_SEARCH_USER_PATHS = NO;
				CLANG_CXX_LANGUAGE_STANDARD = "gnu++0x";
				CLANG_CXX_LIBRARY = "libc++";
				CLANG_ENABLE_OBJC_ARC = YES;
				CLANG_WARN_CONSTANT_CONVERSION = YES;
				CLANG_WARN_EMPTY_BODY = YES;
				CLANG_WARN_ENUM_CONVERSION = YES;
				CLANG_WARN_INT_CONVERSION = YES;
				CLANG_WARN__DUPLICATE_METHOD_MATCH = YES;
				"CODE_SIGN_IDENTITY[sdk=iphoneos*]" = "iPhone Developer";
				COPY_PHASE_STRIP = NO;
				GCC_C_LANGUAGE_STANDARD = gnu99;
				GCC_DYNAMIC_NO_PIC = NO;
				GCC_OPTIMIZATION_LEVEL = 0;
				GCC_PREPROCESSOR_DEFINITIONS = (
					"DEBUG=1",
					"$(inherited)",
				);
				GCC_SYMBOLS_PRIVATE_EXTERN = NO;
				GCC_WARN_ABOUT_RETURN_TYPE = YES;
				GCC_WARN_UNINITIALIZED_AUTOS = YES;
				GCC_WARN_UNUSED_VARIABLE = YES;
				IPHONEOS_DEPLOYMENT_TARGET = 6.1;
				ONLY_ACTIVE_ARCH = YES;
				SDKROOT = iphoneos;
			};
			name = Debug;
		};
		AEBBA9C9179DC28C009845C6 /* Release */ = {
			isa = XCBuildConfiguration;
			buildSettings = {
				ALWAYS_SEARCH_USER_PATHS = NO;
				CLANG_CXX_LANGUAGE_STANDARD = "gnu++0x";
				CLANG_CXX_LIBRARY = "libc++";
				CLANG_ENABLE_OBJC_ARC = YES;
				CLANG_WARN_CONSTANT_CONVERSION = YES;
				CLANG_WARN_EMPTY_BODY = YES;
				CLANG_WARN_ENUM_CONVERSION = YES;
				CLANG_WARN_INT_CONVERSION = YES;
				CLANG_WARN__DUPLICATE_METHOD_MATCH = YES;
				"CODE_SIGN_IDENTITY[sdk=iphoneos*]" = "iPhone Developer";
				COPY_PHASE_STRIP = YES;
				GCC_C_LANGUAGE_STANDARD = gnu99;
				GCC_WARN_ABOUT_RETURN_TYPE = YES;
				GCC_WARN_UNINITIALIZED_AUTOS = YES;
				GCC_WARN_UNUSED_VARIABLE = YES;
				IPHONEOS_DEPLOYMENT_TARGET = 6.1;
				OTHER_CFLAGS = "-DNS_BLOCK_ASSERTIONS=1";
				SDKROOT = iphoneos;
				VALIDATE_PRODUCT = YES;
			};
			name = Release;
		};
		AEBBA9CB179DC28C009845C6 /* Debug */ = {
			isa = XCBuildConfiguration;
			buildSettings = {
				FRAMEWORK_SEARCH_PATHS = (
					"$(inherited)",
					"\"$(SRCROOT)\"",
				);
				GCC_PRECOMPILE_PREFIX_HEADER = YES;
				GCC_PREFIX_HEADER = "Me App/Me App-Prefix.pch";
				INFOPLIST_FILE = "Me App/Me App-Info.plist";
				PRODUCT_NAME = "$(TARGET_NAME)";
				WRAPPER_EXTENSION = app;
			};
			name = Debug;
		};
		AEBBA9CC179DC28C009845C6 /* Release */ = {
			isa = XCBuildConfiguration;
			buildSettings = {
				FRAMEWORK_SEARCH_PATHS = (
					"$(inherited)",
					"\"$(SRCROOT)\"",
				);
				GCC_PRECOMPILE_PREFIX_HEADER = YES;
				GCC_PREFIX_HEADER = "Me App/Me App-Prefix.pch";
				INFOPLIST_FILE = "Me App/Me App-Info.plist";
				PRODUCT_NAME = "$(TARGET_NAME)";
				WRAPPER_EXTENSION = app;
			};
			name = Release;
		};
/* End XCBuildConfiguration section */

/* Begin XCConfigurationList section */
		AEBBA9A2179DC28C009845C6 /* Build configuration list for PBXProject "Me App" */ = {
			isa = XCConfigurationList;
			buildConfigurations = (
				AEBBA9C8179DC28C009845C6 /* Debug */,
				AEBBA9C9179DC28C009845C6 /* Release */,
			);
			defaultConfigurationIsVisible = 0;
			defaultConfigurationName = Release;
		};
		AEBBA9CA179DC28C009845C6 /* Build configuration list for PBXNativeTarget "Me App" */ = {
			isa = XCConfigurationList;
			buildConfigurations = (
				AEBBA9CB179DC28C009845C6 /* Debug */,
				AEBBA9CC179DC28C009845C6 /* Release */,
			);
			defaultConfigurationIsVisible = 0;
			defaultConfigurationName = Release;
		};
/* End XCConfigurationList section */
	};
	rootObject = AEBBA99F179DC28C009845C6 /* Project object */;
}
